
Microsoft Visual Studio Solution File, Format Version 12.00
# Visual Studio Version 17
VisualStudioVersion = 17.9.34701.34
MinimumVisualStudioVersion = 10.0.40219.1
Project("{FAE04EC0-301F-11D3-BF4B-00C04F79EFBC}") = "ToDoTaskApp", "ToDoTaskApp.csproj", "{6C20141C-2986-47E0-A7DD-CB03247862EC}"
EndProject
Project("{FAE04EC0-301F-11D3-BF4B-00C04F79EFBC}") = "ToDoTaskBusinessLayer", "..\ToDoTaskBusinessLayer\ToDoTaskBusinessLayer.csproj", "{046BE435-8C58-464F-A370-27E5CF949C76}"
EndProject
Project("{FAE04EC0-301F-11D3-BF4B-00C04F79EFBC}") = "ToDoTaskDataAccessLayer", "..\ToDoTaskDataAccessLayer\ToDoTaskDataAccessLayer.csproj", "{C580EA49-CCD3-4606-B41F-DBF41737280A}"
EndProject
Global
	GlobalSection(SolutionConfigurationPlatforms) = preSolution
		Debug|Any CPU = Debug|Any CPU
		Release|Any CPU = Release|Any CPU
	EndGlobalSection
	GlobalSection(ProjectConfigurationPlatforms) = postSolution
		{6C20141C-2986-47E0-A7DD-CB03247862EC}.Debug|Any CPU.ActiveCfg = Debug|Any CPU
		{6C20141C-2986-47E0-A7DD-CB03247862EC}.Debug|Any CPU.Build.0 = Debug|Any CPU
		{6C20141C-2986-47E0-A7DD-CB03247862EC}.Release|Any CPU.ActiveCfg = Release|Any CPU
		{6C20141C-2986-47E0-A7DD-CB03247862EC}.Release|Any CPU.Build.0 = Release|Any CPU
		{046BE435-8C58-464F-A370-27E5CF949C76}.Debug|Any CPU.ActiveCfg = Debug|Any CPU
		{046BE435-8C58-464F-A370-27E5CF949C76}.Debug|Any CPU.Build.0 = Debug|Any CPU
		{046BE435-8C58-464F-A370-27E5CF949C76}.Release|Any CPU.ActiveCfg = Release|Any CPU
		{046BE435-8C58-464F-A370-27E5CF949C76}.Release|Any CPU.Build.0 = Release|Any CPU
		{C580EA49-CCD3-4606-B41F-DBF41737280A}.Debug|Any CPU.ActiveCfg = Debug|Any CPU
		{C580EA49-CCD3-4606-B41F-DBF41737280A}.Debug|Any CPU.Build.0 = Debug|Any CPU
		{C580EA49-CCD3-4606-B41F-DBF41737280A}.Release|Any CPU.ActiveCfg = Release|Any CPU
		{C580EA49-CCD3-4606-B41F-DBF41737280A}.Release|Any CPU.Build.0 = Release|Any CPU
	EndGlobalSection
	GlobalSection(SolutionProperties) = preSolution
		HideSolutionNode = FALSE
	EndGlobalSection
	GlobalSection(ExtensibilityGlobals) = postSolution
		SolutionGuid = {B129D0BF-F32C-4048-8058-597171918C1D}
	EndGlobalSection
EndGlobal
